{
  "nodes": {
    "nixpkgs": {
      "locked": {
        "lastModified": 0,
        "narHash": "sha256-4EVBRhOjMDuGtMaofAIqzJbg4Ql7Ai0PSeuVZTHjyKQ=",
        "path": "/nix/store/8fwsiv0hd7nw1brkvka0jf1frk3m7qkr-source",
        "type": "path"
      },
      "original": {
        "id": "nixpkgs",
        "type": "indirect"
      }
    },
    "root": {
      "inputs": {
        "nixpkgs": "nixpkgs"
      }
    }
  },
  "root": "root",
  "version": 7
}
